--- 
dependencies: 
  httparty: 
    group: 
    - :default
    version: ">= 0"
  sqlite3-ruby: 
    group: 
    - :default
    version: ">= 0"
  dm-validations: 
    group: 
    - :default
    version: ">= 0"
  tickspot: 
    group: 
    - :default
    version: ">= 0"
  confit: 
    group: 
    - :default
    version: ">= 0"
  dm-core: 
    group: 
    - :default
    version: = 1.0.2
  dm-timestamps: 
    group: 
    - :default
    version: ">= 0"
  rack-flash: 
    group: 
    - :default
    version: ">= 0"
  sinatra: 
    group: 
    - :default
    version: = 1.1
    require: 
    - sinatra/base
  dm-sqlite-adapter: 
    group: 
    - :default
    version: ">= 0"
  dm-migrations: 
    group: 
    - :default
    version: ">= 0"
specs: 
- addressable: 
    version: 2.2.4
- confit: 
    version: "1.0"
- crack: 
    version: 0.1.8
- data_objects: 
    version: 0.10.3
- extlib: 
    version: 0.9.15
- dm-core: 
    version: 1.0.2
- dm-do-adapter: 
    version: 1.0.2
- dm-migrations: 
    version: 1.0.2
- do_sqlite3: 
    version: 0.10.3
- dm-sqlite-adapter: 
    version: 1.0.2
- dm-timestamps: 
    version: 1.0.2
- dm-validations: 
    version: 1.0.2
- httparty: 
    version: 0.7.3
- rack: 
    version: 1.2.1
- rack-flash: 
    version: 0.1.1
- tilt: 
    version: 1.2.2
- sinatra: 
    version: 1.1.0
- sqlite3: 
    version: 1.3.3
- sqlite3-ruby: 
    version: 1.3.3
- tickspot: 
    version: 0.1.0
hash: c7327b23ee7c3073b1113c62d668e51a8bd9cec8
sources: 
- Rubygems: 
    uri: http://rubygems.org
